
Microsoft Visual Studio Solution File, Format Version 12.00
# Visual Studio 15
VisualStudioVersion = 15.0.28010.2026
MinimumVisualStudioVersion = 10.0.40219.1
Project("{E24C65DC-7377-472B-9ABA-BC803B73C61A}") = "ab-LookAtRotatedTriangles", "ab-LookAtRotatedTriangles\", "{05EC7138-CA73-4AE5-A696-DA56B13E081B}"
	ProjectSection(WebsiteProperties) = preProject
		TargetFrameworkMoniker = ".NETFramework,Version%3Dv4.6.1"
		Debug.AspNetCompiler.VirtualPath = "/localhost_7481"
		Debug.AspNetCompiler.PhysicalPath = "ab-LookAtRotatedTriangles\"
		Debug.AspNetCompiler.TargetPath = "PrecompiledWeb\localhost_7481\"
		Debug.AspNetCompiler.Updateable = "true"
		Debug.AspNetCompiler.ForceOverwrite = "true"
		Debug.AspNetCompiler.FixedNames = "false"
		Debug.AspNetCompiler.Debug = "True"
		Release.AspNetCompiler.VirtualPath = "/localhost_7481"
		Release.AspNetCompiler.PhysicalPath = "ab-LookAtRotatedTriangles\"
		Release.AspNetCompiler.TargetPath = "PrecompiledWeb\localhost_7481\"
		Release.AspNetCompiler.Updateable = "true"
		Release.AspNetCompiler.ForceOverwrite = "true"
		Release.AspNetCompiler.FixedNames = "false"
		Release.AspNetCompiler.Debug = "False"
		VWDPort = "7481"
		SlnRelativePath = "ab-LookAtRotatedTriangles\"
		DefaultWebSiteLanguage = "Visual C#"
	EndProjectSection
EndProject
Global
	GlobalSection(SolutionConfigurationPlatforms) = preSolution
		Debug|Any CPU = Debug|Any CPU
	EndGlobalSection
	GlobalSection(ProjectConfigurationPlatforms) = postSolution
		{05EC7138-CA73-4AE5-A696-DA56B13E081B}.Debug|Any CPU.ActiveCfg = Debug|Any CPU
		{05EC7138-CA73-4AE5-A696-DA56B13E081B}.Debug|Any CPU.Build.0 = Debug|Any CPU
	EndGlobalSection
	GlobalSection(SolutionProperties) = preSolution
		HideSolutionNode = FALSE
	EndGlobalSection
	GlobalSection(ExtensibilityGlobals) = postSolution
		SolutionGuid = {04876D67-EB9C-4DE3-848A-C7B96C8C2CED}
	EndGlobalSection
EndGlobal
